
Microsoft Visual Studio Solution File, Format Version 12.00
# Visual Studio 15
VisualStudioVersion = 15.0.27130.2024
MinimumVisualStudioVersion = 10.0.40219.1
Project("{FAE04EC0-301F-11D3-BF4B-00C04F79EFBC}") = "P01-to-P08-AiO", "P01-to-P08-AiO\P01-to-P08-AiO.csproj", "{B9206D83-3447-445A-9C4C-A5ED8F918E40}"
EndProject
Global
	GlobalSection(SolutionConfigurationPlatforms) = preSolution
		Debug|Any CPU = Debug|Any CPU
		Release|Any CPU = Release|Any CPU
	EndGlobalSection
	GlobalSection(ProjectConfigurationPlatforms) = postSolution
		{B9206D83-3447-445A-9C4C-A5ED8F918E40}.Debug|Any CPU.ActiveCfg = Debug|Any CPU
		{B9206D83-3447-445A-9C4C-A5ED8F918E40}.Debug|Any CPU.Build.0 = Debug|Any CPU
		{B9206D83-3447-445A-9C4C-A5ED8F918E40}.Release|Any CPU.ActiveCfg = Release|Any CPU
		{B9206D83-3447-445A-9C4C-A5ED8F918E40}.Release|Any CPU.Build.0 = Release|Any CPU
	EndGlobalSection
	GlobalSection(SolutionProperties) = preSolution
		HideSolutionNode = FALSE
	EndGlobalSection
	GlobalSection(ExtensibilityGlobals) = postSolution
		SolutionGuid = {6EDBE6EA-4291-4BED-88D3-4A6DD74D3F6B}
	EndGlobalSection
EndGlobal
